
Microsoft Visual Studio Solution File, Format Version 12.00
# Visual Studio Version 16
VisualStudioVersion = 16.0.31129.286
MinimumVisualStudioVersion = 10.0.40219.1
Project("{9A19103F-16F7-4668-BE54-9A1E7A4F7556}") = "RouletteParser", "RouletteParser\RouletteParser.csproj", "{F200EDC8-6C08-4D85-947C-4868D43EA662}"
EndProject
Project("{FAE04EC0-301F-11D3-BF4B-00C04F79EFBC}") = "RoulletteParser.MelBet.Wrapper", "MelBet.Wrapper\RoulletteParser.MelBet.Wrapper.csproj", "{522AE165-CD06-4CEC-AD64-74CE19848415}"
EndProject
Global
	GlobalSection(SolutionConfigurationPlatforms) = preSolution
		Debug|Any CPU = Debug|Any CPU
		Release|Any CPU = Release|Any CPU
	EndGlobalSection
	GlobalSection(ProjectConfigurationPlatforms) = postSolution
		{F200EDC8-6C08-4D85-947C-4868D43EA662}.Debug|Any CPU.ActiveCfg = Debug|Any CPU
		{F200EDC8-6C08-4D85-947C-4868D43EA662}.Debug|Any CPU.Build.0 = Debug|Any CPU
		{F200EDC8-6C08-4D85-947C-4868D43EA662}.Release|Any CPU.ActiveCfg = Release|Any CPU
		{F200EDC8-6C08-4D85-947C-4868D43EA662}.Release|Any CPU.Build.0 = Release|Any CPU
		{522AE165-CD06-4CEC-AD64-74CE19848415}.Debug|Any CPU.ActiveCfg = Debug|Any CPU
		{522AE165-CD06-4CEC-AD64-74CE19848415}.Debug|Any CPU.Build.0 = Debug|Any CPU
		{522AE165-CD06-4CEC-AD64-74CE19848415}.Release|Any CPU.ActiveCfg = Release|Any CPU
		{522AE165-CD06-4CEC-AD64-74CE19848415}.Release|Any CPU.Build.0 = Release|Any CPU
	EndGlobalSection
	GlobalSection(SolutionProperties) = preSolution
		HideSolutionNode = FALSE
	EndGlobalSection
	GlobalSection(ExtensibilityGlobals) = postSolution
		SolutionGuid = {0644BEEE-D772-40B6-B79B-5DD528D6B2B6}
	EndGlobalSection
EndGlobal
